{"version":4,"terraform_version":"1.11.2","serial":3,"lineage":"6e0f9254-7a44-7245-738e-bcb3ae379e17","outputs":{},"resources":[{"mode":"managed","type":"github_repository","name":"this","provider":"provider[\"registry.opentofu.org/integrations/github\"]","instances":[{"schema_version":1,"attributes":{"allow_auto_merge":false,"allow_merge_commit":false,"allow_rebase_merge":false,"allow_squash_merge":true,"allow_update_branch":true,"archive_on_destroy":true,"archived":false,"auto_init":false,"default_branch":"main","delete_branch_on_merge":true,"description":"","etag":"W/\"b12fb565744ed6782f544abe4ceae9453031306ec74d76e12196d06f56dfd857\"","fork":"false","full_name":"lens0021/declam","git_clone_url":"git://github.com/lens0021/declam.git","gitignore_template":null,"has_discussions":false,"has_downloads":true,"has_issues":true,"has_projects":false,"has_wiki":false,"homepage_url":"","html_url":"https://github.com/lens0021/declam","http_clone_url":"https://github.com/lens0021/declam.git","id":"declam","ignore_vulnerability_alerts_during_read":null,"is_template":false,"license_template":null,"merge_commit_message":"PR_TITLE","merge_commit_title":"MERGE_MESSAGE","name":"declam","node_id":"R_kgDOQ3rdLw","pages":[],"primary_language":"","private":false,"repo_id":1132125487,"security_and_analysis":[{"advanced_security":[],"code_security":[],"secret_scanning":[{"status":"enabled"}],"secret_scanning_ai_detection":[],"secret_scanning_non_provider_patterns":[],"secret_scanning_push_protection":[{"status":"enabled"}]}],"source_owner":"","source_repo":"","squash_merge_commit_message":"COMMIT_MESSAGES","squash_merge_commit_title":"COMMIT_OR_PR_TITLE","ssh_clone_url":"git@github.com:lens0021/declam.git","svn_url":"https://github.com/lens0021/declam","template":[],"topics":[],"visibility":"public","vulnerability_alerts":false,"web_commit_signoff_required":false},"sensitive_attributes":[],"private":"eyJzY2hlbWFfdmVyc2lvbiI6IjEifQ=="}]},{"mode":"managed","type":"github_workflow_repository_permissions","name":"this","provider":"provider[\"registry.opentofu.org/integrations/github\"]","instances":[{"schema_version":0,"attributes":{"can_approve_pull_request_reviews":true,"default_workflow_permissions":"read","id":"declam","repository":"declam"},"sensitive_attributes":[],"private":"bnVsbA==","dependencies":["github_repository.this"]}]}],"check_results":null}
